
Microsoft Visual Studio Solution File, Format Version 12.00
# Visual Studio Version 17
VisualStudioVersion = 17.0.31903.59
MinimumVisualStudioVersion = 10.0.40219.1
Project("{FAE04EC0-301F-11D3-BF4B-00C04F79EFBC}") = "WebScraper", "WebScraper\WebScraper.csproj", "{0E8C8F48-7C78-4499-9481-CE4FDD6F65D2}"
EndProject
Project("{FAE04EC0-301F-11D3-BF4B-00C04F79EFBC}") = "WebScraper.Tests", "WebScraper.Tests\WebScraper.Tests.csproj", "{2FEEB7B4-B08D-45EA-AC2E-8956AEDFFD52}"
EndProject
Global
	GlobalSection(SolutionConfigurationPlatforms) = preSolution
		Debug|Any CPU = Debug|Any CPU
		Release|Any CPU = Release|Any CPU
	EndGlobalSection
	GlobalSection(SolutionProperties) = preSolution
		HideSolutionNode = FALSE
	EndGlobalSection
	GlobalSection(ProjectConfigurationPlatforms) = postSolution
		{0E8C8F48-7C78-4499-9481-CE4FDD6F65D2}.Debug|Any CPU.ActiveCfg = Debug|Any CPU
		{0E8C8F48-7C78-4499-9481-CE4FDD6F65D2}.Debug|Any CPU.Build.0 = Debug|Any CPU
		{0E8C8F48-7C78-4499-9481-CE4FDD6F65D2}.Release|Any CPU.ActiveCfg = Release|Any CPU
		{0E8C8F48-7C78-4499-9481-CE4FDD6F65D2}.Release|Any CPU.Build.0 = Release|Any CPU
		{2FEEB7B4-B08D-45EA-AC2E-8956AEDFFD52}.Debug|Any CPU.ActiveCfg = Debug|Any CPU
		{2FEEB7B4-B08D-45EA-AC2E-8956AEDFFD52}.Debug|Any CPU.Build.0 = Debug|Any CPU
		{2FEEB7B4-B08D-45EA-AC2E-8956AEDFFD52}.Release|Any CPU.ActiveCfg = Release|Any CPU
		{2FEEB7B4-B08D-45EA-AC2E-8956AEDFFD52}.Release|Any CPU.Build.0 = Release|Any CPU
	EndGlobalSection
EndGlobal
